
Microsoft Visual Studio Solution File, Format Version 12.00
# Visual Studio 15
VisualStudioVersion = 15.0.28307.102
MinimumVisualStudioVersion = 10.0.40219.1
Project("{8BC9CEB8-8B4A-11D0-8D11-00A0C91BC942}") = "InterProcess", "Interprocess\Interprocess.vcxproj", "{C7D3B729-89BA-4724-A533-5B2322CD2D65}"
EndProject
Project("{8BC9CEB8-8B4A-11D0-8D11-00A0C91BC942}") = "ConsoleApplication", "ConsoleApplication\ConsoleApplication.vcxproj", "{127B1098-D3CF-4C78-A5DC-0FA3836FCF8E}"
EndProject
Project("{8BC9CEB8-8B4A-11D0-8D11-00A0C91BC942}") = "MessageQueue", "MessageQueue\MessageQueue.vcxproj", "{83D758A1-0E6C-4537-9BA1-27FC73A6744D}"
EndProject
Project("{8BC9CEB8-8B4A-11D0-8D11-00A0C91BC942}") = "Library", "Library\Library.vcxproj", "{1FA7DA04-3AB7-41D2-B34D-637B82170CF5}"
EndProject
Project("{2150E333-8FDC-42A3-9474-1A3956D46DE8}") = "CryFoundation", "CryFoundation", "{341E474C-CCC7-4962-A13E-4E57875307DD}"
EndProject
Project("{8BC9CEB8-8B4A-11D0-8D11-00A0C91BC942}") = "CryFoundation", "Deps\CryFoundation\Build\CryFoundation.vcxproj", "{2016B438-1BD3-47A6-8A0D-A35266D897B9}"
EndProject
Project("{2150E333-8FDC-42A3-9474-1A3956D46DE8}") = "Evpp", "Evpp", "{257E587B-5613-4A76-A80D-7F7C3A1699BE}"
EndProject
Project("{2150E333-8FDC-42A3-9474-1A3956D46DE8}") = "LibEvent", "LibEvent", "{F19E25B6-DC0C-49BD-9A72-796F5B9A125B}"
EndProject
Project("{8BC9CEB8-8B4A-11D0-8D11-00A0C91BC942}") = "event", "Deps\libevent-2.1.8\vsprojects\event.vcxproj", "{1CA4A875-A262-3C72-83E1-2736E058A2FD}"
EndProject
Project("{8BC9CEB8-8B4A-11D0-8D11-00A0C91BC942}") = "event_core", "Deps\libevent-2.1.8\vsprojects\event_core.vcxproj", "{CD6CD43D-12ED-3772-A739-2D6FA137259E}"
EndProject
Project("{8BC9CEB8-8B4A-11D0-8D11-00A0C91BC942}") = "event_extra", "Deps\libevent-2.1.8\vsprojects\event_extra.vcxproj", "{4485B57A-DD22-3E42-A8F2-C7303D34DFD4}"
EndProject
Project("{2150E333-8FDC-42A3-9474-1A3956D46DE8}") = "Glog", "Glog", "{071ED5D2-1885-4770-B053-B9280D2A3889}"
EndProject
Project("{8BC9CEB8-8B4A-11D0-8D11-00A0C91BC942}") = "evpp_static", "Deps\evpp-0.7.0\vsprojects\libevpp.vcxproj", "{4877AA94-AD55-407F-9ED3-D4503FAB2A7F}"
EndProject
Project("{8BC9CEB8-8B4A-11D0-8D11-00A0C91BC942}") = "glog", "Deps\glog-master\vsprojects\glog.vcxproj", "{22DB63C2-1D4C-3D93-AF72-E1FE4A8D8814}"
EndProject
Project("{2150E333-8FDC-42A3-9474-1A3956D46DE8}") = "Protobuf", "Protobuf", "{8D3A6F90-B398-43A1-AD20-1EE98B3DE141}"
EndProject
Project("{8BC9CEB8-8B4A-11D0-8D11-00A0C91BC942}") = "protobuf_data", "Deps\protobuf-data\vsprojects\protobuf_data.vcxproj", "{FF9F311A-2D85-43D9-89C9-8631000F2C75}"
EndProject
Project("{8BC9CEB8-8B4A-11D0-8D11-00A0C91BC942}") = "libprotobuf", "Deps\protobuf-3.6.1\vsprojects\libprotobuf.vcxproj", "{AB10C4C9-2739-3746-BECA-5BC78D61A31A}"
EndProject
Project("{2150E333-8FDC-42A3-9474-1A3956D46DE8}") = "Detours", "Detours", "{A4BE578A-55B8-49C4-ADB9-29868385D051}"
EndProject
Project("{8BC9CEB8-8B4A-11D0-8D11-00A0C91BC942}") = "Detours", "Deps\Detours\vcxproj\Detours.vcxproj", "{1D847B9C-CC33-4353-A806-B1FC0EC2007B}"
EndProject
Global
	GlobalSection(SolutionConfigurationPlatforms) = preSolution
		Debug|x64 = Debug|x64
		Debug|x86 = Debug|x86
		Release|x64 = Release|x64
		Release|x86 = Release|x86
	EndGlobalSection
	GlobalSection(ProjectConfigurationPlatforms) = postSolution
		{C7D3B729-89BA-4724-A533-5B2322CD2D65}.Debug|x64.ActiveCfg = Debug|x64
		{C7D3B729-89BA-4724-A533-5B2322CD2D65}.Debug|x64.Build.0 = Debug|x64
		{C7D3B729-89BA-4724-A533-5B2322CD2D65}.Debug|x86.ActiveCfg = Debug|Win32
		{C7D3B729-89BA-4724-A533-5B2322CD2D65}.Debug|x86.Build.0 = Debug|Win32
		{C7D3B729-89BA-4724-A533-5B2322CD2D65}.Release|x64.ActiveCfg = Release|x64
		{C7D3B729-89BA-4724-A533-5B2322CD2D65}.Release|x64.Build.0 = Release|x64
		{C7D3B729-89BA-4724-A533-5B2322CD2D65}.Release|x86.ActiveCfg = Release|Win32
		{C7D3B729-89BA-4724-A533-5B2322CD2D65}.Release|x86.Build.0 = Release|Win32
		{127B1098-D3CF-4C78-A5DC-0FA3836FCF8E}.Debug|x64.ActiveCfg = Debug|x64
		{127B1098-D3CF-4C78-A5DC-0FA3836FCF8E}.Debug|x64.Build.0 = Debug|x64
		{127B1098-D3CF-4C78-A5DC-0FA3836FCF8E}.Debug|x86.ActiveCfg = Debug|Win32
		{127B1098-D3CF-4C78-A5DC-0FA3836FCF8E}.Debug|x86.Build.0 = Debug|Win32
		{127B1098-D3CF-4C78-A5DC-0FA3836FCF8E}.Release|x64.ActiveCfg = Release|x64
		{127B1098-D3CF-4C78-A5DC-0FA3836FCF8E}.Release|x64.Build.0 = Release|x64
		{127B1098-D3CF-4C78-A5DC-0FA3836FCF8E}.Release|x86.ActiveCfg = Release|Win32
		{127B1098-D3CF-4C78-A5DC-0FA3836FCF8E}.Release|x86.Build.0 = Release|Win32
		{83D758A1-0E6C-4537-9BA1-27FC73A6744D}.Debug|x64.ActiveCfg = Debug|x64
		{83D758A1-0E6C-4537-9BA1-27FC73A6744D}.Debug|x64.Build.0 = Debug|x64
		{83D758A1-0E6C-4537-9BA1-27FC73A6744D}.Debug|x86.ActiveCfg = Debug|Win32
		{83D758A1-0E6C-4537-9BA1-27FC73A6744D}.Debug|x86.Build.0 = Debug|Win32
		{83D758A1-0E6C-4537-9BA1-27FC73A6744D}.Release|x64.ActiveCfg = Release|x64
		{83D758A1-0E6C-4537-9BA1-27FC73A6744D}.Release|x64.Build.0 = Release|x64
		{83D758A1-0E6C-4537-9BA1-27FC73A6744D}.Release|x86.ActiveCfg = Release|Win32
		{83D758A1-0E6C-4537-9BA1-27FC73A6744D}.Release|x86.Build.0 = Release|Win32
		{1FA7DA04-3AB7-41D2-B34D-637B82170CF5}.Debug|x64.ActiveCfg = Debug|x64
		{1FA7DA04-3AB7-41D2-B34D-637B82170CF5}.Debug|x64.Build.0 = Debug|x64
		{1FA7DA04-3AB7-41D2-B34D-637B82170CF5}.Debug|x86.ActiveCfg = Debug|Win32
		{1FA7DA04-3AB7-41D2-B34D-637B82170CF5}.Debug|x86.Build.0 = Debug|Win32
		{1FA7DA04-3AB7-41D2-B34D-637B82170CF5}.Release|x64.ActiveCfg = Release|x64
		{1FA7DA04-3AB7-41D2-B34D-637B82170CF5}.Release|x64.Build.0 = Release|x64
		{1FA7DA04-3AB7-41D2-B34D-637B82170CF5}.Release|x86.ActiveCfg = Release|Win32
		{1FA7DA04-3AB7-41D2-B34D-637B82170CF5}.Release|x86.Build.0 = Release|Win32
		{2016B438-1BD3-47A6-8A0D-A35266D897B9}.Debug|x64.ActiveCfg = Debug|x64
		{2016B438-1BD3-47A6-8A0D-A35266D897B9}.Debug|x64.Build.0 = Debug|x64
		{2016B438-1BD3-47A6-8A0D-A35266D897B9}.Debug|x86.ActiveCfg = Debug|Win32
		{2016B438-1BD3-47A6-8A0D-A35266D897B9}.Debug|x86.Build.0 = Debug|Win32
		{2016B438-1BD3-47A6-8A0D-A35266D897B9}.Release|x64.ActiveCfg = Release|x64
		{2016B438-1BD3-47A6-8A0D-A35266D897B9}.Release|x64.Build.0 = Release|x64
		{2016B438-1BD3-47A6-8A0D-A35266D897B9}.Release|x86.ActiveCfg = Release|Win32
		{2016B438-1BD3-47A6-8A0D-A35266D897B9}.Release|x86.Build.0 = Release|Win32
		{1CA4A875-A262-3C72-83E1-2736E058A2FD}.Debug|x64.ActiveCfg = Debug|Win32
		{1CA4A875-A262-3C72-83E1-2736E058A2FD}.Debug|x86.ActiveCfg = Debug|Win32
		{1CA4A875-A262-3C72-83E1-2736E058A2FD}.Debug|x86.Build.0 = Debug|Win32
		{1CA4A875-A262-3C72-83E1-2736E058A2FD}.Release|x64.ActiveCfg = Release|Win32
		{1CA4A875-A262-3C72-83E1-2736E058A2FD}.Release|x86.ActiveCfg = Release|Win32
		{1CA4A875-A262-3C72-83E1-2736E058A2FD}.Release|x86.Build.0 = Release|Win32
		{CD6CD43D-12ED-3772-A739-2D6FA137259E}.Debug|x64.ActiveCfg = Debug|Win32
		{CD6CD43D-12ED-3772-A739-2D6FA137259E}.Debug|x86.ActiveCfg = Debug|Win32
		{CD6CD43D-12ED-3772-A739-2D6FA137259E}.Debug|x86.Build.0 = Debug|Win32
		{CD6CD43D-12ED-3772-A739-2D6FA137259E}.Release|x64.ActiveCfg = Release|Win32
		{CD6CD43D-12ED-3772-A739-2D6FA137259E}.Release|x86.ActiveCfg = Release|Win32
		{CD6CD43D-12ED-3772-A739-2D6FA137259E}.Release|x86.Build.0 = Release|Win32
		{4485B57A-DD22-3E42-A8F2-C7303D34DFD4}.Debug|x64.ActiveCfg = Debug|Win32
		{4485B57A-DD22-3E42-A8F2-C7303D34DFD4}.Debug|x86.ActiveCfg = Debug|Win32
		{4485B57A-DD22-3E42-A8F2-C7303D34DFD4}.Debug|x86.Build.0 = Debug|Win32
		{4485B57A-DD22-3E42-A8F2-C7303D34DFD4}.Release|x64.ActiveCfg = Release|Win32
		{4485B57A-DD22-3E42-A8F2-C7303D34DFD4}.Release|x86.ActiveCfg = Release|Win32
		{4485B57A-DD22-3E42-A8F2-C7303D34DFD4}.Release|x86.Build.0 = Release|Win32
		{4877AA94-AD55-407F-9ED3-D4503FAB2A7F}.Debug|x64.ActiveCfg = Debug|Win32
		{4877AA94-AD55-407F-9ED3-D4503FAB2A7F}.Debug|x86.ActiveCfg = Debug|Win32
		{4877AA94-AD55-407F-9ED3-D4503FAB2A7F}.Debug|x86.Build.0 = Debug|Win32
		{4877AA94-AD55-407F-9ED3-D4503FAB2A7F}.Release|x64.ActiveCfg = Release|Win32
		{4877AA94-AD55-407F-9ED3-D4503FAB2A7F}.Release|x86.ActiveCfg = Release|Win32
		{4877AA94-AD55-407F-9ED3-D4503FAB2A7F}.Release|x86.Build.0 = Release|Win32
		{22DB63C2-1D4C-3D93-AF72-E1FE4A8D8814}.Debug|x64.ActiveCfg = Debug|Win32
		{22DB63C2-1D4C-3D93-AF72-E1FE4A8D8814}.Debug|x86.ActiveCfg = Debug|Win32
		{22DB63C2-1D4C-3D93-AF72-E1FE4A8D8814}.Debug|x86.Build.0 = Debug|Win32
		{22DB63C2-1D4C-3D93-AF72-E1FE4A8D8814}.Release|x64.ActiveCfg = Release|Win32
		{22DB63C2-1D4C-3D93-AF72-E1FE4A8D8814}.Release|x86.ActiveCfg = Release|Win32
		{22DB63C2-1D4C-3D93-AF72-E1FE4A8D8814}.Release|x86.Build.0 = Release|Win32
		{FF9F311A-2D85-43D9-89C9-8631000F2C75}.Debug|x64.ActiveCfg = Debug|x64
		{FF9F311A-2D85-43D9-89C9-8631000F2C75}.Debug|x64.Build.0 = Debug|x64
		{FF9F311A-2D85-43D9-89C9-8631000F2C75}.Debug|x86.ActiveCfg = Debug|Win32
		{FF9F311A-2D85-43D9-89C9-8631000F2C75}.Debug|x86.Build.0 = Debug|Win32
		{FF9F311A-2D85-43D9-89C9-8631000F2C75}.Release|x64.ActiveCfg = Release|x64
		{FF9F311A-2D85-43D9-89C9-8631000F2C75}.Release|x64.Build.0 = Release|x64
		{FF9F311A-2D85-43D9-89C9-8631000F2C75}.Release|x86.ActiveCfg = Release|Win32
		{FF9F311A-2D85-43D9-89C9-8631000F2C75}.Release|x86.Build.0 = Release|Win32
		{AB10C4C9-2739-3746-BECA-5BC78D61A31A}.Debug|x64.ActiveCfg = Debug|Win32
		{AB10C4C9-2739-3746-BECA-5BC78D61A31A}.Debug|x86.ActiveCfg = Debug|Win32
		{AB10C4C9-2739-3746-BECA-5BC78D61A31A}.Debug|x86.Build.0 = Debug|Win32
		{AB10C4C9-2739-3746-BECA-5BC78D61A31A}.Release|x64.ActiveCfg = Release|Win32
		{AB10C4C9-2739-3746-BECA-5BC78D61A31A}.Release|x86.ActiveCfg = Release|Win32
		{AB10C4C9-2739-3746-BECA-5BC78D61A31A}.Release|x86.Build.0 = Release|Win32
		{1D847B9C-CC33-4353-A806-B1FC0EC2007B}.Debug|x64.ActiveCfg = Debug|x64
		{1D847B9C-CC33-4353-A806-B1FC0EC2007B}.Debug|x64.Build.0 = Debug|x64
		{1D847B9C-CC33-4353-A806-B1FC0EC2007B}.Debug|x86.ActiveCfg = Debug|Win32
		{1D847B9C-CC33-4353-A806-B1FC0EC2007B}.Debug|x86.Build.0 = Debug|Win32
		{1D847B9C-CC33-4353-A806-B1FC0EC2007B}.Release|x64.ActiveCfg = Release|x64
		{1D847B9C-CC33-4353-A806-B1FC0EC2007B}.Release|x64.Build.0 = Release|x64
		{1D847B9C-CC33-4353-A806-B1FC0EC2007B}.Release|x86.ActiveCfg = Release|Win32
		{1D847B9C-CC33-4353-A806-B1FC0EC2007B}.Release|x86.Build.0 = Release|Win32
	EndGlobalSection
	GlobalSection(SolutionProperties) = preSolution
		HideSolutionNode = FALSE
	EndGlobalSection
	GlobalSection(NestedProjects) = preSolution
		{2016B438-1BD3-47A6-8A0D-A35266D897B9} = {341E474C-CCC7-4962-A13E-4E57875307DD}
		{1CA4A875-A262-3C72-83E1-2736E058A2FD} = {F19E25B6-DC0C-49BD-9A72-796F5B9A125B}
		{CD6CD43D-12ED-3772-A739-2D6FA137259E} = {F19E25B6-DC0C-49BD-9A72-796F5B9A125B}
		{4485B57A-DD22-3E42-A8F2-C7303D34DFD4} = {F19E25B6-DC0C-49BD-9A72-796F5B9A125B}
		{4877AA94-AD55-407F-9ED3-D4503FAB2A7F} = {257E587B-5613-4A76-A80D-7F7C3A1699BE}
		{22DB63C2-1D4C-3D93-AF72-E1FE4A8D8814} = {071ED5D2-1885-4770-B053-B9280D2A3889}
		{FF9F311A-2D85-43D9-89C9-8631000F2C75} = {8D3A6F90-B398-43A1-AD20-1EE98B3DE141}
		{AB10C4C9-2739-3746-BECA-5BC78D61A31A} = {8D3A6F90-B398-43A1-AD20-1EE98B3DE141}
		{1D847B9C-CC33-4353-A806-B1FC0EC2007B} = {A4BE578A-55B8-49C4-ADB9-29868385D051}
	EndGlobalSection
	GlobalSection(ExtensibilityGlobals) = postSolution
		SolutionGuid = {52CDDEFD-719A-426C-A783-B089E4AC71B7}
	EndGlobalSection
EndGlobal
